
Microsoft Visual Studio Solution File, Format Version 12.00
# Visual Studio Version 16
VisualStudioVersion = 16.0.30002.166
MinimumVisualStudioVersion = 10.0.40219.1
Project("{FAE04EC0-301F-11D3-BF4B-00C04F79EFBC}") = "Dreamscape", "Dreamscape.csproj", "{DFCE1D7D-8C38-4C85-B835-0CFC228E2ADB}"
EndProject
Global
	GlobalSection(SolutionConfigurationPlatforms) = preSolution
		Debug|Any CPU = Debug|Any CPU
		Release|Any CPU = Release|Any CPU
	EndGlobalSection
	GlobalSection(ProjectConfigurationPlatforms) = postSolution
		{DFCE1D7D-8C38-4C85-B835-0CFC228E2ADB}.Debug|Any CPU.ActiveCfg = Debug|Any CPU
		{DFCE1D7D-8C38-4C85-B835-0CFC228E2ADB}.Debug|Any CPU.Build.0 = Debug|Any CPU
		{DFCE1D7D-8C38-4C85-B835-0CFC228E2ADB}.Release|Any CPU.ActiveCfg = Release|Any CPU
		{DFCE1D7D-8C38-4C85-B835-0CFC228E2ADB}.Release|Any CPU.Build.0 = Release|Any CPU
	EndGlobalSection
	GlobalSection(SolutionProperties) = preSolution
		HideSolutionNode = FALSE
	EndGlobalSection
	GlobalSection(ExtensibilityGlobals) = postSolution
		SolutionGuid = {E569B28B-E4C3-49E1-A47F-E56A30934CA5}
	EndGlobalSection
EndGlobal
